
Microsoft Visual Studio Solution File, Format Version 12.00
# Visual Studio 14
VisualStudioVersion = 14.0.25420.1
MinimumVisualStudioVersion = 10.0.40219.1
Project("{FAE04EC0-301F-11D3-BF4B-00C04F79EFBC}") = "ROTK.VoiceAssistant.UI", "ROTK.VoiceAssistant.UI\ROTK.VoiceAssistant.UI.csproj", "{64CFFE74-F74F-49BA-9BA3-3710188A43FA}"
EndProject
Project("{FAE04EC0-301F-11D3-BF4B-00C04F79EFBC}") = "ROTK.VoiceAssistant.LUISClientLibrary", "ROTK.VoiceAssistant.LUISClientLibrary\ROTK.VoiceAssistant.LUISClientLibrary.csproj", "{43DAA109-EF1B-4C29-B231-9CFC88142446}"
EndProject
Project("{FAE04EC0-301F-11D3-BF4B-00C04F79EFBC}") = "ROTK.VoiceAssistant.IntentHandler", "ROTK.VoiceAssistant.IntentHandler\ROTK.VoiceAssistant.IntentHandler.csproj", "{57175C87-BEDE-41CF-8145-D02048E657B4}"
EndProject
Project("{FAE04EC0-301F-11D3-BF4B-00C04F79EFBC}") = "ROTK.VoiceAssistant.Events", "ROTK.VoiceAssistant.Events\ROTK.VoiceAssistant.Events.csproj", "{27E8D2C2-BADF-469D-9F06-5349C4E925C7}"
EndProject
Project("{FAE04EC0-301F-11D3-BF4B-00C04F79EFBC}") = "ROTK.VoiceAssistant.Model", "ROTK.VoiceAssistant.Model\ROTK.VoiceAssistant.Model.csproj", "{A8022E1C-51B9-470C-A2E8-B6295AF4366A}"
EndProject
Global
	GlobalSection(SolutionConfigurationPlatforms) = preSolution
		Debug|Any CPU = Debug|Any CPU
		Release|Any CPU = Release|Any CPU
	EndGlobalSection
	GlobalSection(ProjectConfigurationPlatforms) = postSolution
		{64CFFE74-F74F-49BA-9BA3-3710188A43FA}.Debug|Any CPU.ActiveCfg = Debug|Any CPU
		{64CFFE74-F74F-49BA-9BA3-3710188A43FA}.Debug|Any CPU.Build.0 = Debug|Any CPU
		{64CFFE74-F74F-49BA-9BA3-3710188A43FA}.Release|Any CPU.ActiveCfg = Release|Any CPU
		{64CFFE74-F74F-49BA-9BA3-3710188A43FA}.Release|Any CPU.Build.0 = Release|Any CPU
		{43DAA109-EF1B-4C29-B231-9CFC88142446}.Debug|Any CPU.ActiveCfg = Debug|Any CPU
		{43DAA109-EF1B-4C29-B231-9CFC88142446}.Debug|Any CPU.Build.0 = Debug|Any CPU
		{43DAA109-EF1B-4C29-B231-9CFC88142446}.Release|Any CPU.ActiveCfg = Release|Any CPU
		{43DAA109-EF1B-4C29-B231-9CFC88142446}.Release|Any CPU.Build.0 = Release|Any CPU
		{57175C87-BEDE-41CF-8145-D02048E657B4}.Debug|Any CPU.ActiveCfg = Debug|Any CPU
		{57175C87-BEDE-41CF-8145-D02048E657B4}.Debug|Any CPU.Build.0 = Debug|Any CPU
		{57175C87-BEDE-41CF-8145-D02048E657B4}.Release|Any CPU.ActiveCfg = Release|Any CPU
		{57175C87-BEDE-41CF-8145-D02048E657B4}.Release|Any CPU.Build.0 = Release|Any CPU
		{27E8D2C2-BADF-469D-9F06-5349C4E925C7}.Debug|Any CPU.ActiveCfg = Debug|Any CPU
		{27E8D2C2-BADF-469D-9F06-5349C4E925C7}.Debug|Any CPU.Build.0 = Debug|Any CPU
		{27E8D2C2-BADF-469D-9F06-5349C4E925C7}.Release|Any CPU.ActiveCfg = Release|Any CPU
		{27E8D2C2-BADF-469D-9F06-5349C4E925C7}.Release|Any CPU.Build.0 = Release|Any CPU
		{A8022E1C-51B9-470C-A2E8-B6295AF4366A}.Debug|Any CPU.ActiveCfg = Debug|Any CPU
		{A8022E1C-51B9-470C-A2E8-B6295AF4366A}.Debug|Any CPU.Build.0 = Debug|Any CPU
		{A8022E1C-51B9-470C-A2E8-B6295AF4366A}.Release|Any CPU.ActiveCfg = Release|Any CPU
		{A8022E1C-51B9-470C-A2E8-B6295AF4366A}.Release|Any CPU.Build.0 = Release|Any CPU
	EndGlobalSection
	GlobalSection(SolutionProperties) = preSolution
		HideSolutionNode = FALSE
	EndGlobalSection
EndGlobal
